{
	"name": "looper-plugin-frontend",
	"version": "0.1.0",
	"lockfileVersion": 1,
	"requires": true,
	"dependencies": {
		"@types/jest": {
			"version": "26.0.23",
			"resolved": "https://registry.npmjs.org/@types/jest/-/jest-26.0.23.tgz",
			"integrity": "sha512-ZHLmWMJ9jJ9PTiT58juykZpL7KjwJywFN3Rr2pTSkyQfydf/rk22yS7W8p5DaVUMQ2BQC7oYiU3FjbTM/mYrOA==",
			"dev": true,
			"requires": {
				"jest-diff": "^26.0.0",
				"pretty-format": "^26.0.0"
			},
			"dependencies": {
				"@jest/types": {
					"version": "26.6.2",
					"resolved": "https://registry.npmjs.org/@jest/types/-/types-26.6.2.tgz",
					"integrity": "sha512-fC6QCp7Sc5sX6g8Tvbmj4XUTbyrik0akgRy03yjXbQaBWWNWGE7SGtJk98m0N8nzegD/7SggrUlivxo5ax4KWQ==",
					"dev": true,
					"requires": {
						"@types/istanbul-lib-coverage": "^2.0.0",
						"@types/istanbul-reports": "^3.0.0",
						"@types/node": "*",
						"@types/yargs": "^15.0.0",
						"chalk": "^4.0.0"
					}
				},
				"@types/istanbul-lib-coverage": {
					"version": "2.0.3",
					"resolved": "https://registry.npmjs.org/@types/istanbul-lib-coverage/-/istanbul-lib-coverage-2.0.3.tgz",
					"integrity": "sha512-sz7iLqvVUg1gIedBOvlkxPlc8/uVzyS5OwGz1cKjXzkl3FpL3al0crU8YGU1WoHkxn0Wxbw5tyi6hvzJKNzFsw==",
					"dev": true
				},
				"@types/istanbul-lib-report": {
					"version": "3.0.0",
					"resolved": "https://registry.npmjs.org/@types/istanbul-lib-report/-/istanbul-lib-report-3.0.0.tgz",
					"integrity": "sha512-plGgXAPfVKFoYfa9NpYDAkseG+g6Jr294RqeqcqDixSbU34MZVJRi/P+7Y8GDpzkEwLaGZZOpKIEmeVZNtKsrg==",
					"dev": true,
					"requires": {
						"@types/istanbul-lib-coverage": "*"
					}
				},
				"@types/istanbul-reports": {
					"version": "3.0.1",
					"resolved": "https://registry.npmjs.org/@types/istanbul-reports/-/istanbul-reports-3.0.1.tgz",
					"integrity": "sha512-c3mAZEuK0lvBp8tmuL74XRKn1+y2dcwOUpH7x4WrF6gk1GIgiluDRgMYQtw2OFcBvAJWlt6ASU3tSqxp0Uu0Aw==",
					"dev": true,
					"requires": {
						"@types/istanbul-lib-report": "*"
					}
				},
				"@types/yargs": {
					"version": "15.0.14",
					"resolved": "https://registry.npmjs.org/@types/yargs/-/yargs-15.0.14.tgz",
					"integrity": "sha512-yEJzHoxf6SyQGhBhIYGXQDSCkJjB6HohDShto7m8vaKg9Yp0Yn8+71J9eakh2bnPg6BfsH9PRMhiRTZnd4eXGQ==",
					"dev": true,
					"requires": {
						"@types/yargs-parser": "*"
					}
				},
				"@types/yargs-parser": {
					"version": "20.2.1",
					"resolved": "https://registry.npmjs.org/@types/yargs-parser/-/yargs-parser-20.2.1.tgz",
					"integrity": "sha512-7tFImggNeNBVMsn0vLrpn1H1uPrUBdnARPTpZoitY37ZrdJREzf7I16tMrlK3hen349gr1NYh8CmZQa7CTG6Aw==",
					"dev": true
				},
				"ansi-regex": {
					"version": "5.0.0",
					"resolved": "https://registry.npmjs.org/ansi-regex/-/ansi-regex-5.0.0.tgz",
					"integrity": "sha512-bY6fj56OUQ0hU1KjFNDQuJFezqKdrAyFdIevADiqrWHwSlbmBNMHp5ak2f40Pm8JTFyM2mqxkG6ngkHO11f/lg==",
					"dev": true
				},
				"ansi-styles": {
					"version": "4.3.0",
					"resolved": "https://registry.npmjs.org/ansi-styles/-/ansi-styles-4.3.0.tgz",
					"integrity": "sha512-zbB9rCJAT1rbjiVDb2hqKFHNYLxgtk8NURxZ3IZwD3F6NtxbXZQCnnSi1Lkx+IDohdPlFp222wVALIheZJQSEg==",
					"dev": true,
					"requires": {
						"color-convert": "^2.0.1"
					}
				},
				"chalk": {
					"version": "4.1.1",
					"resolved": "https://registry.npmjs.org/chalk/-/chalk-4.1.1.tgz",
					"integrity": "sha512-diHzdDKxcU+bAsUboHLPEDQiw0qEe0qd7SYUn3HgcFlWgbDcfLGswOHYeGrHKzG9z6UYf01d9VFMfZxPM1xZSg==",
					"dev": true,
					"requires": {
						"ansi-styles": "^4.1.0",
						"supports-color": "^7.1.0"
					}
				},
				"color-convert": {
					"version": "2.0.1",
					"resolved": "https://registry.npmjs.org/color-convert/-/color-convert-2.0.1.tgz",
					"integrity": "sha512-RRECPsj7iu/xb5oKYcsFHSppFNnsj/52OVTRKb4zP5onXwVF3zVmmToNcOfGC+CRDpfK/U584fMg38ZHCaElKQ==",
					"dev": true,
					"requires": {
						"color-name": "~1.1.4"
					}
				},
				"color-name": {
					"version": "1.1.4",
					"resolved": "https://registry.npmjs.org/color-name/-/color-name-1.1.4.tgz",
					"integrity": "sha512-dOy+3AuW3a2wNbZHIuMZpTcgjGuLU/uBL/ubcZF9OXbDo8ff4O8yVp5Bf0efS8uEoYo5q4Fx7dY9OgQGXgAsQA==",
					"dev": true
				},
				"diff-sequences": {
					"version": "26.6.2",
					"resolved": "https://registry.npmjs.org/diff-sequences/-/diff-sequences-26.6.2.tgz",
					"integrity": "sha512-Mv/TDa3nZ9sbc5soK+OoA74BsS3mL37yixCvUAQkiuA4Wz6YtwP/K47n2rv2ovzHZvoiQeA5FTQOschKkEwB0Q==",
					"dev": true
				},
				"has-flag": {
					"version": "4.0.0",
					"resolved": "https://registry.npmjs.org/has-flag/-/has-flag-4.0.0.tgz",
					"integrity": "sha512-EykJT/Q1KjTWctppgIAgfSO0tKVuZUjhgMr17kqTumMl6Afv3EISleU7qZUzoXDFTAHTDC4NOoG/ZxU3EvlMPQ==",
					"dev": true
				},
				"jest-diff": {
					"version": "26.6.2",
					"resolved": "https://registry.npmjs.org/jest-diff/-/jest-diff-26.6.2.tgz",
					"integrity": "sha512-6m+9Z3Gv9wN0WFVasqjCL/06+EFCMTqDEUl/b87HYK2rAPTyfz4ZIuSlPhY51PIQRWx5TaxeF1qmXKe9gfN3sA==",
					"dev": true,
					"requires": {
						"chalk": "^4.0.0",
						"diff-sequences": "^26.6.2",
						"jest-get-type": "^26.3.0",
						"pretty-format": "^26.6.2"
					}
				},
				"jest-get-type": {
					"version": "26.3.0",
					"resolved": "https://registry.npmjs.org/jest-get-type/-/jest-get-type-26.3.0.tgz",
					"integrity": "sha512-TpfaviN1R2pQWkIihlfEanwOXK0zcxrKEE4MlU6Tn7keoXdN6/3gK/xl0yEh8DOunn5pOVGKf8hB4R9gVh04ig==",
					"dev": true
				},
				"pretty-format": {
					"version": "26.6.2",
					"resolved": "https://registry.npmjs.org/pretty-format/-/pretty-format-26.6.2.tgz",
					"integrity": "sha512-7AeGuCYNGmycyQbCqd/3PWH4eOoX/OiCa0uphp57NVTeAGdJGaAliecxwBDHYQCIvrW7aDBZCYeNTP/WX69mkg==",
					"dev": true,
					"requires": {
						"@jest/types": "^26.6.2",
						"ansi-regex": "^5.0.0",
						"ansi-styles": "^4.0.0",
						"react-is": "^17.0.1"
					}
				},
				"react-is": {
					"version": "17.0.2",
					"resolved": "https://registry.npmjs.org/react-is/-/react-is-17.0.2.tgz",
					"integrity": "sha512-w2GsyukL62IJnlaff/nRegPQR94C/XXamvMWmSHRJ4y7Ts/4ocGRmTHvOs8PSE6pB3dWOrD/nueuU5sduBsQ4w==",
					"dev": true
				},
				"supports-color": {
					"version": "7.2.0",
					"resolved": "https://registry.npmjs.org/supports-color/-/supports-color-7.2.0.tgz",
					"integrity": "sha512-qpCAvRl9stuOHveKsn7HncJRvv501qIacKzQlO/+Lwxc9+0q2wLyv4Dfvt80/DPn2pqOBsJdDiogXGR9+OvwRw==",
					"dev": true,
					"requires": {
						"has-flag": "^4.0.0"
					}
				}
			}
		},
		"@types/node": {
			"version": "12.20.15",
			"resolved": "https://registry.npmjs.org/@types/node/-/node-12.20.15.tgz",
			"integrity": "sha512-F6S4Chv4JicJmyrwlDkxUdGNSplsQdGwp1A0AJloEVDirWdZOAiRHhovDlsFkKUrquUXhz1imJhXHsf59auyAg==",
			"dev": true
		},
		"@types/react": {
			"version": "17.0.13",
			"resolved": "https://registry.npmjs.org/@types/react/-/react-17.0.13.tgz",
			"integrity": "sha512-D/G3PiuqTfE3IMNjLn/DCp6umjVCSvtZTPdtAFy5+Ved6CsdRvivfKeCzw79W4AatShtU4nGqgvOv5Gro534vQ==",
			"dev": true,
			"requires": {
				"@types/prop-types": "*",
				"@types/scheduler": "*",
				"csstype": "^3.0.2"
			},
			"dependencies": {
				"@types/prop-types": {
					"version": "15.7.3",
					"resolved": "https://registry.npmjs.org/@types/prop-types/-/prop-types-15.7.3.tgz",
					"integrity": "sha512-KfRL3PuHmqQLOG+2tGpRO26Ctg+Cq1E01D2DMriKEATHgWLfeNDmq9e29Q9WIky0dQ3NPkd1mzYH8Lm936Z9qw==",
					"dev": true
				},
				"@types/scheduler": {
					"version": "0.16.1",
					"resolved": "https://registry.npmjs.org/@types/scheduler/-/scheduler-0.16.1.tgz",
					"integrity": "sha512-EaCxbanVeyxDRTQBkdLb3Bvl/HK7PBK6UJjsSixB0iHKoWxE5uu2Q/DgtpOhPIojN0Zl1whvOd7PoHs2P0s5eA==",
					"dev": true
				},
				"csstype": {
					"version": "3.0.8",
					"resolved": "https://registry.npmjs.org/csstype/-/csstype-3.0.8.tgz",
					"integrity": "sha512-jXKhWqXPmlUeoQnF/EhTtTl4C9SnrxSH/jZUih3jmO6lBKr99rP3/+FmrMj4EFpOXzMtXHAZkd3x0E6h6Fgflw==",
					"dev": true
				}
			}
		},
		"@types/react-dom": {
			"version": "17.0.8",
			"resolved": "https://registry.npmjs.org/@types/react-dom/-/react-dom-17.0.8.tgz",
			"integrity": "sha512-0ohAiJAx1DAUEcY9UopnfwCE9sSMDGnY/oXjWMax6g3RpzmTt2GMyMVAXcbn0mo8XAff0SbQJl2/SBU+hjSZ1A==",
			"dev": true,
			"requires": {
				"@types/react": "*"
			}
		}
	}
}
