// !$*UTF8*$!
{
	archiveVersion = 1;
	classes = {
	};
	objectVersion = 50;
	objects = {

/* Begin PBXBuildFile section */
		CBC3EF4E26CC5AF8002C684A /* AppDelegate.swift in Sources */ = {isa = PBXBuildFile; fileRef = CBC3EF4D26CC5AF8002C684A /* AppDelegate.swift */; };
		CBC3EF5026CC5AF8002C684A /* ContentView.swift in Sources */ = {isa = PBXBuildFile; fileRef = CBC3EF4F26CC5AF8002C684A /* ContentView.swift */; };
		CBC3EF5226CC5AFC002C684A /* Assets.xcassets in Resources */ = {isa = PBXBuildFile; fileRef = CBC3EF5126CC5AFC002C684A /* Assets.xcassets */; };
		CBC3EF5526CC5AFC002C684A /* Preview Assets.xcassets in Resources */ = {isa = PBXBuildFile; fileRef = CBC3EF5426CC5AFC002C684A /* Preview Assets.xcassets */; };
		CBC3EF5826CC5AFC002C684A /* Main.storyboard in Resources */ = {isa = PBXBuildFile; fileRef = CBC3EF5626CC5AFC002C684A /* Main.storyboard */; };
		CBC3EF6426CC5AFD002C684A /* AudioUnitSpikeTests.swift in Sources */ = {isa = PBXBuildFile; fileRef = CBC3EF6326CC5AFD002C684A /* AudioUnitSpikeTests.swift */; };
		CBC3EF6F26CC5AFD002C684A /* AudioUnitSpikeUITests.swift in Sources */ = {isa = PBXBuildFile; fileRef = CBC3EF6E26CC5AFD002C684A /* AudioUnitSpikeUITests.swift */; };
		CBC3EF7E26CC5BFA002C684A /* AVFAudio.framework in Frameworks */ = {isa = PBXBuildFile; fileRef = CBC3EF7D26CC5BFA002C684A /* AVFAudio.framework */; };
/* End PBXBuildFile section */

/* Begin PBXContainerItemProxy section */
		CBC3EF6026CC5AFD002C684A /* PBXContainerItemProxy */ = {
			isa = PBXContainerItemProxy;
			containerPortal = CBC3EF4226CC5AF8002C684A /* Project object */;
			proxyType = 1;
			remoteGlobalIDString = CBC3EF4926CC5AF8002C684A;
			remoteInfo = AudioUnitSpike;
		};
		CBC3EF6B26CC5AFD002C684A /* PBXContainerItemProxy */ = {
			isa = PBXContainerItemProxy;
			containerPortal = CBC3EF4226CC5AF8002C684A /* Project object */;
			proxyType = 1;
			remoteGlobalIDString = CBC3EF4926CC5AF8002C684A;
			remoteInfo = AudioUnitSpike;
		};
/* End PBXContainerItemProxy section */

/* Begin PBXFileReference section */
		CBC3EF4A26CC5AF8002C684A /* AudioUnitSpike.app */ = {isa = PBXFileReference; explicitFileType = wrapper.application; includeInIndex = 0; path = AudioUnitSpike.app; sourceTree = BUILT_PRODUCTS_DIR; };
		CBC3EF4D26CC5AF8002C684A /* AppDelegate.swift */ = {isa = PBXFileReference; lastKnownFileType = sourcecode.swift; path = AppDelegate.swift; sourceTree = "<group>"; };
		CBC3EF4F26CC5AF8002C684A /* ContentView.swift */ = {isa = PBXFileReference; lastKnownFileType = sourcecode.swift; path = ContentView.swift; sourceTree = "<group>"; };
		CBC3EF5126CC5AFC002C684A /* Assets.xcassets */ = {isa = PBXFileReference; lastKnownFileType = folder.assetcatalog; path = Assets.xcassets; sourceTree = "<group>"; };
		CBC3EF5426CC5AFC002C684A /* Preview Assets.xcassets */ = {isa = PBXFileReference; lastKnownFileType = folder.assetcatalog; path = "Preview Assets.xcassets"; sourceTree = "<group>"; };
		CBC3EF5726CC5AFC002C684A /* Base */ = {isa = PBXFileReference; lastKnownFileType = file.storyboard; name = Base; path = Base.lproj/Main.storyboard; sourceTree = "<group>"; };
		CBC3EF5926CC5AFC002C684A /* Info.plist */ = {isa = PBXFileReference; lastKnownFileType = text.plist.xml; path = Info.plist; sourceTree = "<group>"; };
		CBC3EF5A26CC5AFC002C684A /* AudioUnitSpike.entitlements */ = {isa = PBXFileReference; lastKnownFileType = text.plist.entitlements; path = AudioUnitSpike.entitlements; sourceTree = "<group>"; };
		CBC3EF5F26CC5AFC002C684A /* AudioUnitSpikeTests.xctest */ = {isa = PBXFileReference; explicitFileType = wrapper.cfbundle; includeInIndex = 0; path = AudioUnitSpikeTests.xctest; sourceTree = BUILT_PRODUCTS_DIR; };
		CBC3EF6326CC5AFD002C684A /* AudioUnitSpikeTests.swift */ = {isa = PBXFileReference; lastKnownFileType = sourcecode.swift; path = AudioUnitSpikeTests.swift; sourceTree = "<group>"; };
		CBC3EF6526CC5AFD002C684A /* Info.plist */ = {isa = PBXFileReference; lastKnownFileType = text.plist.xml; path = Info.plist; sourceTree = "<group>"; };
		CBC3EF6A26CC5AFD002C684A /* AudioUnitSpikeUITests.xctest */ = {isa = PBXFileReference; explicitFileType = wrapper.cfbundle; includeInIndex = 0; path = AudioUnitSpikeUITests.xctest; sourceTree = BUILT_PRODUCTS_DIR; };
		CBC3EF6E26CC5AFD002C684A /* AudioUnitSpikeUITests.swift */ = {isa = PBXFileReference; lastKnownFileType = sourcecode.swift; path = AudioUnitSpikeUITests.swift; sourceTree = "<group>"; };
		CBC3EF7026CC5AFD002C684A /* Info.plist */ = {isa = PBXFileReference; lastKnownFileType = text.plist.xml; path = Info.plist; sourceTree = "<group>"; };
		CBC3EF7D26CC5BFA002C684A /* AVFAudio.framework */ = {isa = PBXFileReference; lastKnownFileType = wrapper.framework; name = AVFAudio.framework; path = System/Library/Frameworks/AVFAudio.framework; sourceTree = SDKROOT; };
/* End PBXFileReference section */

/* Begin PBXFrameworksBuildPhase section */
		CBC3EF4726CC5AF8002C684A /* Frameworks */ = {
			isa = PBXFrameworksBuildPhase;
			buildActionMask = 2147483647;
			files = (
				CBC3EF7E26CC5BFA002C684A /* AVFAudio.framework in Frameworks */,
			);
			runOnlyForDeploymentPostprocessing = 0;
		};
		CBC3EF5C26CC5AFC002C684A /* Frameworks */ = {
			isa = PBXFrameworksBuildPhase;
			buildActionMask = 2147483647;
			files = (
			);
			runOnlyForDeploymentPostprocessing = 0;
		};
		CBC3EF6726CC5AFD002C684A /* Frameworks */ = {
			isa = PBXFrameworksBuildPhase;
			buildActionMask = 2147483647;
			files = (
			);
			runOnlyForDeploymentPostprocessing = 0;
		};
/* End PBXFrameworksBuildPhase section */

/* Begin PBXGroup section */
		CBC3EF4126CC5AF8002C684A = {
			isa = PBXGroup;
			children = (
				CBC3EF4C26CC5AF8002C684A /* AudioUnitSpike */,
				CBC3EF6226CC5AFD002C684A /* AudioUnitSpikeTests */,
				CBC3EF6D26CC5AFD002C684A /* AudioUnitSpikeUITests */,
				CBC3EF4B26CC5AF8002C684A /* Products */,
				CBC3EF7C26CC5BF9002C684A /* Frameworks */,
			);
			sourceTree = "<group>";
		};
		CBC3EF4B26CC5AF8002C684A /* Products */ = {
			isa = PBXGroup;
			children = (
				CBC3EF4A26CC5AF8002C684A /* AudioUnitSpike.app */,
				CBC3EF5F26CC5AFC002C684A /* AudioUnitSpikeTests.xctest */,
				CBC3EF6A26CC5AFD002C684A /* AudioUnitSpikeUITests.xctest */,
			);
			name = Products;
			sourceTree = "<group>";
		};
		CBC3EF4C26CC5AF8002C684A /* AudioUnitSpike */ = {
			isa = PBXGroup;
			children = (
				CBC3EF4D26CC5AF8002C684A /* AppDelegate.swift */,
				CBC3EF4F26CC5AF8002C684A /* ContentView.swift */,
				CBC3EF5126CC5AFC002C684A /* Assets.xcassets */,
				CBC3EF5626CC5AFC002C684A /* Main.storyboard */,
				CBC3EF5926CC5AFC002C684A /* Info.plist */,
				CBC3EF5A26CC5AFC002C684A /* AudioUnitSpike.entitlements */,
				CBC3EF5326CC5AFC002C684A /* Preview Content */,
			);
			path = AudioUnitSpike;
			sourceTree = "<group>";
		};
		CBC3EF5326CC5AFC002C684A /* Preview Content */ = {
			isa = PBXGroup;
			children = (
				CBC3EF5426CC5AFC002C684A /* Preview Assets.xcassets */,
			);
			path = "Preview Content";
			sourceTree = "<group>";
		};
		CBC3EF6226CC5AFD002C684A /* AudioUnitSpikeTests */ = {
			isa = PBXGroup;
			children = (
				CBC3EF6326CC5AFD002C684A /* AudioUnitSpikeTests.swift */,
				CBC3EF6526CC5AFD002C684A /* Info.plist */,
			);
			path = AudioUnitSpikeTests;
			sourceTree = "<group>";
		};
		CBC3EF6D26CC5AFD002C684A /* AudioUnitSpikeUITests */ = {
			isa = PBXGroup;
			children = (
				CBC3EF6E26CC5AFD002C684A /* AudioUnitSpikeUITests.swift */,
				CBC3EF7026CC5AFD002C684A /* Info.plist */,
			);
			path = AudioUnitSpikeUITests;
			sourceTree = "<group>";
		};
		CBC3EF7C26CC5BF9002C684A /* Frameworks */ = {
			isa = PBXGroup;
			children = (
				CBC3EF7D26CC5BFA002C684A /* AVFAudio.framework */,
			);
			name = Frameworks;
			sourceTree = "<group>";
		};
/* End PBXGroup section */

/* Begin PBXNativeTarget section */
		CBC3EF4926CC5AF8002C684A /* AudioUnitSpike */ = {
			isa = PBXNativeTarget;
			buildConfigurationList = CBC3EF7326CC5AFD002C684A /* Build configuration list for PBXNativeTarget "AudioUnitSpike" */;
			buildPhases = (
				CBC3EF4626CC5AF8002C684A /* Sources */,
				CBC3EF4726CC5AF8002C684A /* Frameworks */,
				CBC3EF4826CC5AF8002C684A /* Resources */,
			);
			buildRules = (
			);
			dependencies = (
			);
			name = AudioUnitSpike;
			productName = AudioUnitSpike;
			productReference = CBC3EF4A26CC5AF8002C684A /* AudioUnitSpike.app */;
			productType = "com.apple.product-type.application";
		};
		CBC3EF5E26CC5AFC002C684A /* AudioUnitSpikeTests */ = {
			isa = PBXNativeTarget;
			buildConfigurationList = CBC3EF7626CC5AFD002C684A /* Build configuration list for PBXNativeTarget "AudioUnitSpikeTests" */;
			buildPhases = (
				CBC3EF5B26CC5AFC002C684A /* Sources */,
				CBC3EF5C26CC5AFC002C684A /* Frameworks */,
				CBC3EF5D26CC5AFC002C684A /* Resources */,
			);
			buildRules = (
			);
			dependencies = (
				CBC3EF6126CC5AFD002C684A /* PBXTargetDependency */,
			);
			name = AudioUnitSpikeTests;
			productName = AudioUnitSpikeTests;
			productReference = CBC3EF5F26CC5AFC002C684A /* AudioUnitSpikeTests.xctest */;
			productType = "com.apple.product-type.bundle.unit-test";
		};
		CBC3EF6926CC5AFD002C684A /* AudioUnitSpikeUITests */ = {
			isa = PBXNativeTarget;
			buildConfigurationList = CBC3EF7926CC5AFD002C684A /* Build configuration list for PBXNativeTarget "AudioUnitSpikeUITests" */;
			buildPhases = (
				CBC3EF6626CC5AFD002C684A /* Sources */,
				CBC3EF6726CC5AFD002C684A /* Frameworks */,
				CBC3EF6826CC5AFD002C684A /* Resources */,
			);
			buildRules = (
			);
			dependencies = (
				CBC3EF6C26CC5AFD002C684A /* PBXTargetDependency */,
			);
			name = AudioUnitSpikeUITests;
			productName = AudioUnitSpikeUITests;
			productReference = CBC3EF6A26CC5AFD002C684A /* AudioUnitSpikeUITests.xctest */;
			productType = "com.apple.product-type.bundle.ui-testing";
		};
/* End PBXNativeTarget section */

/* Begin PBXProject section */
		CBC3EF4226CC5AF8002C684A /* Project object */ = {
			isa = PBXProject;
			attributes = {
				LastSwiftUpdateCheck = 1250;
				LastUpgradeCheck = 1250;
				TargetAttributes = {
					CBC3EF4926CC5AF8002C684A = {
						CreatedOnToolsVersion = 12.5.1;
					};
					CBC3EF5E26CC5AFC002C684A = {
						CreatedOnToolsVersion = 12.5.1;
						TestTargetID = CBC3EF4926CC5AF8002C684A;
					};
					CBC3EF6926CC5AFD002C684A = {
						CreatedOnToolsVersion = 12.5.1;
						TestTargetID = CBC3EF4926CC5AF8002C684A;
					};
				};
			};
			buildConfigurationList = CBC3EF4526CC5AF8002C684A /* Build configuration list for PBXProject "AudioUnitSpike" */;
			compatibilityVersion = "Xcode 9.3";
			developmentRegion = en;
			hasScannedForEncodings = 0;
			knownRegions = (
				en,
				Base,
			);
			mainGroup = CBC3EF4126CC5AF8002C684A;
			productRefGroup = CBC3EF4B26CC5AF8002C684A /* Products */;
			projectDirPath = "";
			projectRoot = "";
			targets = (
				CBC3EF4926CC5AF8002C684A /* AudioUnitSpike */,
				CBC3EF5E26CC5AFC002C684A /* AudioUnitSpikeTests */,
				CBC3EF6926CC5AFD002C684A /* AudioUnitSpikeUITests */,
			);
		};
/* End PBXProject section */

/* Begin PBXResourcesBuildPhase section */
		CBC3EF4826CC5AF8002C684A /* Resources */ = {
			isa = PBXResourcesBuildPhase;
			buildActionMask = 2147483647;
			files = (
				CBC3EF5826CC5AFC002C684A /* Main.storyboard in Resources */,
				CBC3EF5526CC5AFC002C684A /* Preview Assets.xcassets in Resources */,
				CBC3EF5226CC5AFC002C684A /* Assets.xcassets in Resources */,
			);
			runOnlyForDeploymentPostprocessing = 0;
		};
		CBC3EF5D26CC5AFC002C684A /* Resources */ = {
			isa = PBXResourcesBuildPhase;
			buildActionMask = 2147483647;
			files = (
			);
			runOnlyForDeploymentPostprocessing = 0;
		};
		CBC3EF6826CC5AFD002C684A /* Resources */ = {
			isa = PBXResourcesBuildPhase;
			buildActionMask = 2147483647;
			files = (
			);
			runOnlyForDeploymentPostprocessing = 0;
		};
/* End PBXResourcesBuildPhase section */

/* Begin PBXSourcesBuildPhase section */
		CBC3EF4626CC5AF8002C684A /* Sources */ = {
			isa = PBXSourcesBuildPhase;
			buildActionMask = 2147483647;
			files = (
				CBC3EF5026CC5AF8002C684A /* ContentView.swift in Sources */,
				CBC3EF4E26CC5AF8002C684A /* AppDelegate.swift in Sources */,
			);
			runOnlyForDeploymentPostprocessing = 0;
		};
		CBC3EF5B26CC5AFC002C684A /* Sources */ = {
			isa = PBXSourcesBuildPhase;
			buildActionMask = 2147483647;
			files = (
				CBC3EF6426CC5AFD002C684A /* AudioUnitSpikeTests.swift in Sources */,
			);
			runOnlyForDeploymentPostprocessing = 0;
		};
		CBC3EF6626CC5AFD002C684A /* Sources */ = {
			isa = PBXSourcesBuildPhase;
			buildActionMask = 2147483647;
			files = (
				CBC3EF6F26CC5AFD002C684A /* AudioUnitSpikeUITests.swift in Sources */,
			);
			runOnlyForDeploymentPostprocessing = 0;
		};
/* End PBXSourcesBuildPhase section */

/* Begin PBXTargetDependency section */
		CBC3EF6126CC5AFD002C684A /* PBXTargetDependency */ = {
			isa = PBXTargetDependency;
			target = CBC3EF4926CC5AF8002C684A /* AudioUnitSpike */;
			targetProxy = CBC3EF6026CC5AFD002C684A /* PBXContainerItemProxy */;
		};
		CBC3EF6C26CC5AFD002C684A /* PBXTargetDependency */ = {
			isa = PBXTargetDependency;
			target = CBC3EF4926CC5AF8002C684A /* AudioUnitSpike */;
			targetProxy = CBC3EF6B26CC5AFD002C684A /* PBXContainerItemProxy */;
		};
/* End PBXTargetDependency section */

/* Begin PBXVariantGroup section */
		CBC3EF5626CC5AFC002C684A /* Main.storyboard */ = {
			isa = PBXVariantGroup;
			children = (
				CBC3EF5726CC5AFC002C684A /* Base */,
			);
			name = Main.storyboard;
			sourceTree = "<group>";
		};
/* End PBXVariantGroup section */

/* Begin XCBuildConfiguration section */
		CBC3EF7126CC5AFD002C684A /* Debug */ = {
			isa = XCBuildConfiguration;
			buildSettings = {
				ALWAYS_SEARCH_USER_PATHS = NO;
				CLANG_ANALYZER_NONNULL = YES;
				CLANG_ANALYZER_NUMBER_OBJECT_CONVERSION = YES_AGGRESSIVE;
				CLANG_CXX_LANGUAGE_STANDARD = "gnu++14";
				CLANG_CXX_LIBRARY = "libc++";
				CLANG_ENABLE_MODULES = YES;
				CLANG_ENABLE_OBJC_ARC = YES;
				CLANG_ENABLE_OBJC_WEAK = YES;
				CLANG_WARN_BLOCK_CAPTURE_AUTORELEASING = YES;
				CLANG_WARN_BOOL_CONVERSION = YES;
				CLANG_WARN_COMMA = YES;
				CLANG_WARN_CONSTANT_CONVERSION = YES;
				CLANG_WARN_DEPRECATED_OBJC_IMPLEMENTATIONS = YES;
				CLANG_WARN_DIRECT_OBJC_ISA_USAGE = YES_ERROR;
				CLANG_WARN_DOCUMENTATION_COMMENTS = YES;
				CLANG_WARN_EMPTY_BODY = YES;
				CLANG_WARN_ENUM_CONVERSION = YES;
				CLANG_WARN_INFINITE_RECURSION = YES;
				CLANG_WARN_INT_CONVERSION = YES;
				CLANG_WARN_NON_LITERAL_NULL_CONVERSION = YES;
				CLANG_WARN_OBJC_IMPLICIT_RETAIN_SELF = YES;
				CLANG_WARN_OBJC_LITERAL_CONVERSION = YES;
				CLANG_WARN_OBJC_ROOT_CLASS = YES_ERROR;
				CLANG_WARN_QUOTED_INCLUDE_IN_FRAMEWORK_HEADER = YES;
				CLANG_WARN_RANGE_LOOP_ANALYSIS = YES;
				CLANG_WARN_STRICT_PROTOTYPES = YES;
				CLANG_WARN_SUSPICIOUS_MOVE = YES;
				CLANG_WARN_UNGUARDED_AVAILABILITY = YES_AGGRESSIVE;
				CLANG_WARN_UNREACHABLE_CODE = YES;
				CLANG_WARN__DUPLICATE_METHOD_MATCH = YES;
				COPY_PHASE_STRIP = NO;
				DEBUG_INFORMATION_FORMAT = dwarf;
				ENABLE_STRICT_OBJC_MSGSEND = YES;
				ENABLE_TESTABILITY = YES;
				GCC_C_LANGUAGE_STANDARD = gnu11;
				GCC_DYNAMIC_NO_PIC = NO;
				GCC_NO_COMMON_BLOCKS = YES;
				GCC_OPTIMIZATION_LEVEL = 0;
				GCC_PREPROCESSOR_DEFINITIONS = (
					"DEBUG=1",
					"$(inherited)",
				);
				GCC_WARN_64_TO_32_BIT_CONVERSION = YES;
				GCC_WARN_ABOUT_RETURN_TYPE = YES_ERROR;
				GCC_WARN_UNDECLARED_SELECTOR = YES;
				GCC_WARN_UNINITIALIZED_AUTOS = YES_AGGRESSIVE;
				GCC_WARN_UNUSED_FUNCTION = YES;
				GCC_WARN_UNUSED_VARIABLE = YES;
				MACOSX_DEPLOYMENT_TARGET = 11.3;
				MTL_ENABLE_DEBUG_INFO = INCLUDE_SOURCE;
				MTL_FAST_MATH = YES;
				ONLY_ACTIVE_ARCH = YES;
				SDKROOT = macosx;
				SWIFT_ACTIVE_COMPILATION_CONDITIONS = DEBUG;
				SWIFT_OPTIMIZATION_LEVEL = "-Onone";
			};
			name = Debug;
		};
		CBC3EF7226CC5AFD002C684A /* Release */ = {
			isa = XCBuildConfiguration;
			buildSettings = {
				ALWAYS_SEARCH_USER_PATHS = NO;
				CLANG_ANALYZER_NONNULL = YES;
				CLANG_ANALYZER_NUMBER_OBJECT_CONVERSION = YES_AGGRESSIVE;
				CLANG_CXX_LANGUAGE_STANDARD = "gnu++14";
				CLANG_CXX_LIBRARY = "libc++";
				CLANG_ENABLE_MODULES = YES;
				CLANG_ENABLE_OBJC_ARC = YES;
				CLANG_ENABLE_OBJC_WEAK = YES;
				CLANG_WARN_BLOCK_CAPTURE_AUTORELEASING = YES;
				CLANG_WARN_BOOL_CONVERSION = YES;
				CLANG_WARN_COMMA = YES;
				CLANG_WARN_CONSTANT_CONVERSION = YES;
				CLANG_WARN_DEPRECATED_OBJC_IMPLEMENTATIONS = YES;
				CLANG_WARN_DIRECT_OBJC_ISA_USAGE = YES_ERROR;
				CLANG_WARN_DOCUMENTATION_COMMENTS = YES;
				CLANG_WARN_EMPTY_BODY = YES;
				CLANG_WARN_ENUM_CONVERSION = YES;
				CLANG_WARN_INFINITE_RECURSION = YES;
				CLANG_WARN_INT_CONVERSION = YES;
				CLANG_WARN_NON_LITERAL_NULL_CONVERSION = YES;
				CLANG_WARN_OBJC_IMPLICIT_RETAIN_SELF = YES;
				CLANG_WARN_OBJC_LITERAL_CONVERSION = YES;
				CLANG_WARN_OBJC_ROOT_CLASS = YES_ERROR;
				CLANG_WARN_QUOTED_INCLUDE_IN_FRAMEWORK_HEADER = YES;
				CLANG_WARN_RANGE_LOOP_ANALYSIS = YES;
				CLANG_WARN_STRICT_PROTOTYPES = YES;
				CLANG_WARN_SUSPICIOUS_MOVE = YES;
				CLANG_WARN_UNGUARDED_AVAILABILITY = YES_AGGRESSIVE;
				CLANG_WARN_UNREACHABLE_CODE = YES;
				CLANG_WARN__DUPLICATE_METHOD_MATCH = YES;
				COPY_PHASE_STRIP = NO;
				DEBUG_INFORMATION_FORMAT = "dwarf-with-dsym";
				ENABLE_NS_ASSERTIONS = NO;
				ENABLE_STRICT_OBJC_MSGSEND = YES;
				GCC_C_LANGUAGE_STANDARD = gnu11;
				GCC_NO_COMMON_BLOCKS = YES;
				GCC_WARN_64_TO_32_BIT_CONVERSION = YES;
				GCC_WARN_ABOUT_RETURN_TYPE = YES_ERROR;
				GCC_WARN_UNDECLARED_SELECTOR = YES;
				GCC_WARN_UNINITIALIZED_AUTOS = YES_AGGRESSIVE;
				GCC_WARN_UNUSED_FUNCTION = YES;
				GCC_WARN_UNUSED_VARIABLE = YES;
				MACOSX_DEPLOYMENT_TARGET = 11.3;
				MTL_ENABLE_DEBUG_INFO = NO;
				MTL_FAST_MATH = YES;
				SDKROOT = macosx;
				SWIFT_COMPILATION_MODE = wholemodule;
				SWIFT_OPTIMIZATION_LEVEL = "-O";
			};
			name = Release;
		};
		CBC3EF7426CC5AFD002C684A /* Debug */ = {
			isa = XCBuildConfiguration;
			buildSettings = {
				ASSETCATALOG_COMPILER_APPICON_NAME = AppIcon;
				ASSETCATALOG_COMPILER_GLOBAL_ACCENT_COLOR_NAME = AccentColor;
				CODE_SIGN_ENTITLEMENTS = AudioUnitSpike/AudioUnitSpike.entitlements;
				CODE_SIGN_STYLE = Automatic;
				COMBINE_HIDPI_IMAGES = YES;
				DEVELOPMENT_ASSET_PATHS = "\"AudioUnitSpike/Preview Content\"";
				DEVELOPMENT_TEAM = Q39U2SBP6Z;
				ENABLE_HARDENED_RUNTIME = YES;
				ENABLE_PREVIEWS = YES;
				INFOPLIST_FILE = AudioUnitSpike/Info.plist;
				LD_RUNPATH_SEARCH_PATHS = (
					"$(inherited)",
					"@executable_path/../Frameworks",
				);
				MACOSX_DEPLOYMENT_TARGET = 10.15;
				PRODUCT_BUNDLE_IDENTIFIER = "beijaflor-io.AudioUnitSpike";
				PRODUCT_NAME = "$(TARGET_NAME)";
				SWIFT_VERSION = 5.0;
			};
			name = Debug;
		};
		CBC3EF7526CC5AFD002C684A /* Release */ = {
			isa = XCBuildConfiguration;
			buildSettings = {
				ASSETCATALOG_COMPILER_APPICON_NAME = AppIcon;
				ASSETCATALOG_COMPILER_GLOBAL_ACCENT_COLOR_NAME = AccentColor;
				CODE_SIGN_ENTITLEMENTS = AudioUnitSpike/AudioUnitSpike.entitlements;
				CODE_SIGN_STYLE = Automatic;
				COMBINE_HIDPI_IMAGES = YES;
				DEVELOPMENT_ASSET_PATHS = "\"AudioUnitSpike/Preview Content\"";
				DEVELOPMENT_TEAM = Q39U2SBP6Z;
				ENABLE_HARDENED_RUNTIME = YES;
				ENABLE_PREVIEWS = YES;
				INFOPLIST_FILE = AudioUnitSpike/Info.plist;
				LD_RUNPATH_SEARCH_PATHS = (
					"$(inherited)",
					"@executable_path/../Frameworks",
				);
				MACOSX_DEPLOYMENT_TARGET = 10.15;
				PRODUCT_BUNDLE_IDENTIFIER = "beijaflor-io.AudioUnitSpike";
				PRODUCT_NAME = "$(TARGET_NAME)";
				SWIFT_VERSION = 5.0;
			};
			name = Release;
		};
		CBC3EF7726CC5AFD002C684A /* Debug */ = {
			isa = XCBuildConfiguration;
			buildSettings = {
				ALWAYS_EMBED_SWIFT_STANDARD_LIBRARIES = YES;
				BUNDLE_LOADER = "$(TEST_HOST)";
				CODE_SIGN_STYLE = Automatic;
				COMBINE_HIDPI_IMAGES = YES;
				DEVELOPMENT_TEAM = Q39U2SBP6Z;
				INFOPLIST_FILE = AudioUnitSpikeTests/Info.plist;
				LD_RUNPATH_SEARCH_PATHS = (
					"$(inherited)",
					"@executable_path/../Frameworks",
					"@loader_path/../Frameworks",
				);
				MACOSX_DEPLOYMENT_TARGET = 10.15;
				PRODUCT_BUNDLE_IDENTIFIER = "beijaflor-io.AudioUnitSpikeTests";
				PRODUCT_NAME = "$(TARGET_NAME)";
				SWIFT_VERSION = 5.0;
				TEST_HOST = "$(BUILT_PRODUCTS_DIR)/AudioUnitSpike.app/Contents/MacOS/AudioUnitSpike";
			};
			name = Debug;
		};
		CBC3EF7826CC5AFD002C684A /* Release */ = {
			isa = XCBuildConfiguration;
			buildSettings = {
				ALWAYS_EMBED_SWIFT_STANDARD_LIBRARIES = YES;
				BUNDLE_LOADER = "$(TEST_HOST)";
				CODE_SIGN_STYLE = Automatic;
				COMBINE_HIDPI_IMAGES = YES;
				DEVELOPMENT_TEAM = Q39U2SBP6Z;
				INFOPLIST_FILE = AudioUnitSpikeTests/Info.plist;
				LD_RUNPATH_SEARCH_PATHS = (
					"$(inherited)",
					"@executable_path/../Frameworks",
					"@loader_path/../Frameworks",
				);
				MACOSX_DEPLOYMENT_TARGET = 10.15;
				PRODUCT_BUNDLE_IDENTIFIER = "beijaflor-io.AudioUnitSpikeTests";
				PRODUCT_NAME = "$(TARGET_NAME)";
				SWIFT_VERSION = 5.0;
				TEST_HOST = "$(BUILT_PRODUCTS_DIR)/AudioUnitSpike.app/Contents/MacOS/AudioUnitSpike";
			};
			name = Release;
		};
		CBC3EF7A26CC5AFD002C684A /* Debug */ = {
			isa = XCBuildConfiguration;
			buildSettings = {
				ALWAYS_EMBED_SWIFT_STANDARD_LIBRARIES = YES;
				CODE_SIGN_STYLE = Automatic;
				COMBINE_HIDPI_IMAGES = YES;
				DEVELOPMENT_TEAM = Q39U2SBP6Z;
				INFOPLIST_FILE = AudioUnitSpikeUITests/Info.plist;
				LD_RUNPATH_SEARCH_PATHS = (
					"$(inherited)",
					"@executable_path/../Frameworks",
					"@loader_path/../Frameworks",
				);
				PRODUCT_BUNDLE_IDENTIFIER = "beijaflor-io.AudioUnitSpikeUITests";
				PRODUCT_NAME = "$(TARGET_NAME)";
				SWIFT_VERSION = 5.0;
				TEST_TARGET_NAME = AudioUnitSpike;
			};
			name = Debug;
		};
		CBC3EF7B26CC5AFD002C684A /* Release */ = {
			isa = XCBuildConfiguration;
			buildSettings = {
				ALWAYS_EMBED_SWIFT_STANDARD_LIBRARIES = YES;
				CODE_SIGN_STYLE = Automatic;
				COMBINE_HIDPI_IMAGES = YES;
				DEVELOPMENT_TEAM = Q39U2SBP6Z;
				INFOPLIST_FILE = AudioUnitSpikeUITests/Info.plist;
				LD_RUNPATH_SEARCH_PATHS = (
					"$(inherited)",
					"@executable_path/../Frameworks",
					"@loader_path/../Frameworks",
				);
				PRODUCT_BUNDLE_IDENTIFIER = "beijaflor-io.AudioUnitSpikeUITests";
				PRODUCT_NAME = "$(TARGET_NAME)";
				SWIFT_VERSION = 5.0;
				TEST_TARGET_NAME = AudioUnitSpike;
			};
			name = Release;
		};
/* End XCBuildConfiguration section */

/* Begin XCConfigurationList section */
		CBC3EF4526CC5AF8002C684A /* Build configuration list for PBXProject "AudioUnitSpike" */ = {
			isa = XCConfigurationList;
			buildConfigurations = (
				CBC3EF7126CC5AFD002C684A /* Debug */,
				CBC3EF7226CC5AFD002C684A /* Release */,
			);
			defaultConfigurationIsVisible = 0;
			defaultConfigurationName = Release;
		};
		CBC3EF7326CC5AFD002C684A /* Build configuration list for PBXNativeTarget "AudioUnitSpike" */ = {
			isa = XCConfigurationList;
			buildConfigurations = (
				CBC3EF7426CC5AFD002C684A /* Debug */,
				CBC3EF7526CC5AFD002C684A /* Release */,
			);
			defaultConfigurationIsVisible = 0;
			defaultConfigurationName = Release;
		};
		CBC3EF7626CC5AFD002C684A /* Build configuration list for PBXNativeTarget "AudioUnitSpikeTests" */ = {
			isa = XCConfigurationList;
			buildConfigurations = (
				CBC3EF7726CC5AFD002C684A /* Debug */,
				CBC3EF7826CC5AFD002C684A /* Release */,
			);
			defaultConfigurationIsVisible = 0;
			defaultConfigurationName = Release;
		};
		CBC3EF7926CC5AFD002C684A /* Build configuration list for PBXNativeTarget "AudioUnitSpikeUITests" */ = {
			isa = XCConfigurationList;
			buildConfigurations = (
				CBC3EF7A26CC5AFD002C684A /* Debug */,
				CBC3EF7B26CC5AFD002C684A /* Release */,
			);
			defaultConfigurationIsVisible = 0;
			defaultConfigurationName = Release;
		};
/* End XCConfigurationList section */
	};
	rootObject = CBC3EF4226CC5AF8002C684A /* Project object */;
}
