// !$*UTF8*$!
{
	archiveVersion = 1;
	classes = {
	};
	objectVersion = 55;
	objects = {

/* Begin PBXBuildFile section */
		CB0E1F0D27D3511B00460533 /* AudioToolbox.framework in Frameworks */ = {isa = PBXBuildFile; fileRef = CB0E1F0C27D3511B00460533 /* AudioToolbox.framework */; };
		CB1666A827CCAD04000F9E21 /* SequencerApp.swift in Sources */ = {isa = PBXBuildFile; fileRef = CB1666A727CCAD04000F9E21 /* SequencerApp.swift */; };
		CB1666AC27CCAD07000F9E21 /* Assets.xcassets in Resources */ = {isa = PBXBuildFile; fileRef = CB1666AB27CCAD07000F9E21 /* Assets.xcassets */; };
		CB1666AF27CCAD07000F9E21 /* Preview Assets.xcassets in Resources */ = {isa = PBXBuildFile; fileRef = CB1666AE27CCAD07000F9E21 /* Preview Assets.xcassets */; };
		CB1666B927CCAD07000F9E21 /* SequencerTests.swift in Sources */ = {isa = PBXBuildFile; fileRef = CB1666B827CCAD07000F9E21 /* SequencerTests.swift */; };
		CB1666C327CCAD07000F9E21 /* SequencerUITests.swift in Sources */ = {isa = PBXBuildFile; fileRef = CB1666C227CCAD07000F9E21 /* SequencerUITests.swift */; };
		CB1666C527CCAD07000F9E21 /* SequencerUITestsLaunchTests.swift in Sources */ = {isa = PBXBuildFile; fileRef = CB1666C427CCAD07000F9E21 /* SequencerUITestsLaunchTests.swift */; };
		CB23AD9E27D2EDFD00C6289F /* OSCKit in Frameworks */ = {isa = PBXBuildFile; productRef = CB23AD9D27D2EDFD00C6289F /* OSCKit */; };
		CB801A1827D8AE6600D7788E /* AppDelegate.swift in Sources */ = {isa = PBXBuildFile; fileRef = CB801A1727D8AE6600D7788E /* AppDelegate.swift */; };
		CB801A1A27D8AE6600D7788E /* ViewController.swift in Sources */ = {isa = PBXBuildFile; fileRef = CB801A1927D8AE6600D7788E /* ViewController.swift */; };
		CB801A1C27D8AE6600D7788E /* Assets.xcassets in Resources */ = {isa = PBXBuildFile; fileRef = CB801A1B27D8AE6600D7788E /* Assets.xcassets */; };
		CB801A1F27D8AE6600D7788E /* Main.storyboard in Resources */ = {isa = PBXBuildFile; fileRef = CB801A1D27D8AE6600D7788E /* Main.storyboard */; };
		CB801A4727D8B13F00D7788E /* SequencerUI in Frameworks */ = {isa = PBXBuildFile; productRef = CB801A4627D8B13F00D7788E /* SequencerUI */; };
		CB801A4B27D8B24C00D7788E /* SequencerUI in Frameworks */ = {isa = PBXBuildFile; productRef = CB801A4A27D8B24C00D7788E /* SequencerUI */; };
/* End PBXBuildFile section */

/* Begin PBXContainerItemProxy section */
		CB1666B527CCAD07000F9E21 /* PBXContainerItemProxy */ = {
			isa = PBXContainerItemProxy;
			containerPortal = CB16669C27CCAD04000F9E21 /* Project object */;
			proxyType = 1;
			remoteGlobalIDString = CB1666A327CCAD04000F9E21;
			remoteInfo = Sequencer;
		};
		CB1666BF27CCAD07000F9E21 /* PBXContainerItemProxy */ = {
			isa = PBXContainerItemProxy;
			containerPortal = CB16669C27CCAD04000F9E21 /* Project object */;
			proxyType = 1;
			remoteGlobalIDString = CB1666A327CCAD04000F9E21;
			remoteInfo = Sequencer;
		};
/* End PBXContainerItemProxy section */

/* Begin PBXFileReference section */
		CB0E1F0327D34B8A00460533 /* liblooperFFI.a */ = {isa = PBXFileReference; lastKnownFileType = archive.ar; name = liblooperFFI.a; path = "../rust-audio-software/crates/apps/looper/looper-udl/lib/macos/liblooperFFI.a"; sourceTree = "<group>"; };
		CB0E1F0527D34BB900460533 /* liblooperFFI.a */ = {isa = PBXFileReference; lastKnownFileType = archive.ar; name = liblooperFFI.a; path = "../rust-audio-software/crates/apps/looper/looper-udl/lib/ios/liblooperFFI.a"; sourceTree = "<group>"; };
		CB0E1F0A27D3511100460533 /* AudioUnit.framework */ = {isa = PBXFileReference; lastKnownFileType = wrapper.framework; name = AudioUnit.framework; path = System/Library/Frameworks/AudioUnit.framework; sourceTree = SDKROOT; };
		CB0E1F0C27D3511B00460533 /* AudioToolbox.framework */ = {isa = PBXFileReference; lastKnownFileType = wrapper.framework; name = AudioToolbox.framework; path = System/Library/Frameworks/AudioToolbox.framework; sourceTree = SDKROOT; };
		CB1666A427CCAD04000F9E21 /* Sequencer.app */ = {isa = PBXFileReference; explicitFileType = wrapper.application; includeInIndex = 0; path = Sequencer.app; sourceTree = BUILT_PRODUCTS_DIR; };
		CB1666A727CCAD04000F9E21 /* SequencerApp.swift */ = {isa = PBXFileReference; lastKnownFileType = sourcecode.swift; path = SequencerApp.swift; sourceTree = "<group>"; };
		CB1666AB27CCAD07000F9E21 /* Assets.xcassets */ = {isa = PBXFileReference; lastKnownFileType = folder.assetcatalog; path = Assets.xcassets; sourceTree = "<group>"; };
		CB1666AE27CCAD07000F9E21 /* Preview Assets.xcassets */ = {isa = PBXFileReference; lastKnownFileType = folder.assetcatalog; path = "Preview Assets.xcassets"; sourceTree = "<group>"; };
		CB1666B427CCAD07000F9E21 /* SequencerTests.xctest */ = {isa = PBXFileReference; explicitFileType = wrapper.cfbundle; includeInIndex = 0; path = SequencerTests.xctest; sourceTree = BUILT_PRODUCTS_DIR; };
		CB1666B827CCAD07000F9E21 /* SequencerTests.swift */ = {isa = PBXFileReference; lastKnownFileType = sourcecode.swift; path = SequencerTests.swift; sourceTree = "<group>"; };
		CB1666BE27CCAD07000F9E21 /* SequencerUITests.xctest */ = {isa = PBXFileReference; explicitFileType = wrapper.cfbundle; includeInIndex = 0; path = SequencerUITests.xctest; sourceTree = BUILT_PRODUCTS_DIR; };
		CB1666C227CCAD07000F9E21 /* SequencerUITests.swift */ = {isa = PBXFileReference; lastKnownFileType = sourcecode.swift; path = SequencerUITests.swift; sourceTree = "<group>"; };
		CB1666C427CCAD07000F9E21 /* SequencerUITestsLaunchTests.swift */ = {isa = PBXFileReference; lastKnownFileType = sourcecode.swift; path = SequencerUITestsLaunchTests.swift; sourceTree = "<group>"; };
		CB1666D127CCAD18000F9E21 /* Sequencer.entitlements */ = {isa = PBXFileReference; lastKnownFileType = text.plist.entitlements; path = Sequencer.entitlements; sourceTree = "<group>"; };
		CB801A1527D8AE6600D7788E /* Sequencer Mac.app */ = {isa = PBXFileReference; explicitFileType = wrapper.application; includeInIndex = 0; path = "Sequencer Mac.app"; sourceTree = BUILT_PRODUCTS_DIR; };
		CB801A1727D8AE6600D7788E /* AppDelegate.swift */ = {isa = PBXFileReference; lastKnownFileType = sourcecode.swift; path = AppDelegate.swift; sourceTree = "<group>"; };
		CB801A1927D8AE6600D7788E /* ViewController.swift */ = {isa = PBXFileReference; lastKnownFileType = sourcecode.swift; path = ViewController.swift; sourceTree = "<group>"; };
		CB801A1B27D8AE6600D7788E /* Assets.xcassets */ = {isa = PBXFileReference; lastKnownFileType = folder.assetcatalog; path = Assets.xcassets; sourceTree = "<group>"; };
		CB801A1E27D8AE6600D7788E /* Base */ = {isa = PBXFileReference; lastKnownFileType = file.storyboard; name = Base; path = Base.lproj/Main.storyboard; sourceTree = "<group>"; };
		CB801A2027D8AE6600D7788E /* Sequencer_Mac.entitlements */ = {isa = PBXFileReference; lastKnownFileType = text.plist.entitlements; path = Sequencer_Mac.entitlements; sourceTree = "<group>"; };
		CB801A4327D8B11C00D7788E /* SequencerUI */ = {isa = PBXFileReference; lastKnownFileType = wrapper; path = SequencerUI; sourceTree = "<group>"; };
		CB801A4F27DB696F00D7788E /* Info.plist */ = {isa = PBXFileReference; lastKnownFileType = text.plist; path = Info.plist; sourceTree = "<group>"; };
		CB801A5027DC5B7A00D7788E /* SequencerEngine */ = {isa = PBXFileReference; lastKnownFileType = wrapper; path = SequencerEngine; sourceTree = "<group>"; };
/* End PBXFileReference section */

/* Begin PBXFrameworksBuildPhase section */
		CB1666A127CCAD04000F9E21 /* Frameworks */ = {
			isa = PBXFrameworksBuildPhase;
			buildActionMask = 2147483647;
			files = (
				CB0E1F0D27D3511B00460533 /* AudioToolbox.framework in Frameworks */,
				CB801A4727D8B13F00D7788E /* SequencerUI in Frameworks */,
				CB23AD9E27D2EDFD00C6289F /* OSCKit in Frameworks */,
			);
			runOnlyForDeploymentPostprocessing = 0;
		};
		CB1666B127CCAD07000F9E21 /* Frameworks */ = {
			isa = PBXFrameworksBuildPhase;
			buildActionMask = 2147483647;
			files = (
			);
			runOnlyForDeploymentPostprocessing = 0;
		};
		CB1666BB27CCAD07000F9E21 /* Frameworks */ = {
			isa = PBXFrameworksBuildPhase;
			buildActionMask = 2147483647;
			files = (
			);
			runOnlyForDeploymentPostprocessing = 0;
		};
		CB801A1227D8AE6600D7788E /* Frameworks */ = {
			isa = PBXFrameworksBuildPhase;
			buildActionMask = 2147483647;
			files = (
				CB801A4B27D8B24C00D7788E /* SequencerUI in Frameworks */,
			);
			runOnlyForDeploymentPostprocessing = 0;
		};
/* End PBXFrameworksBuildPhase section */

/* Begin PBXGroup section */
		CB16669B27CCAD04000F9E21 = {
			isa = PBXGroup;
			children = (
				CB801A5027DC5B7A00D7788E /* SequencerEngine */,
				CB801A4327D8B11C00D7788E /* SequencerUI */,
				CB801A1627D8AE6600D7788E /* Sequencer Mac */,
				CB1666A627CCAD04000F9E21 /* Sequencer */,
				CB1666B727CCAD07000F9E21 /* SequencerTests */,
				CB1666C127CCAD07000F9E21 /* SequencerUITests */,
				CB1666A527CCAD04000F9E21 /* Products */,
				CB23ADA227D33F4700C6289F /* Frameworks */,
			);
			sourceTree = "<group>";
		};
		CB1666A527CCAD04000F9E21 /* Products */ = {
			isa = PBXGroup;
			children = (
				CB1666A427CCAD04000F9E21 /* Sequencer.app */,
				CB1666B427CCAD07000F9E21 /* SequencerTests.xctest */,
				CB1666BE27CCAD07000F9E21 /* SequencerUITests.xctest */,
				CB801A1527D8AE6600D7788E /* Sequencer Mac.app */,
			);
			name = Products;
			sourceTree = "<group>";
		};
		CB1666A627CCAD04000F9E21 /* Sequencer */ = {
			isa = PBXGroup;
			children = (
				CB801A4F27DB696F00D7788E /* Info.plist */,
				CB1666D127CCAD18000F9E21 /* Sequencer.entitlements */,
				CB1666A727CCAD04000F9E21 /* SequencerApp.swift */,
				CB1666AB27CCAD07000F9E21 /* Assets.xcassets */,
				CB1666AD27CCAD07000F9E21 /* Preview Content */,
			);
			path = Sequencer;
			sourceTree = "<group>";
		};
		CB1666AD27CCAD07000F9E21 /* Preview Content */ = {
			isa = PBXGroup;
			children = (
				CB1666AE27CCAD07000F9E21 /* Preview Assets.xcassets */,
			);
			path = "Preview Content";
			sourceTree = "<group>";
		};
		CB1666B727CCAD07000F9E21 /* SequencerTests */ = {
			isa = PBXGroup;
			children = (
				CB1666B827CCAD07000F9E21 /* SequencerTests.swift */,
			);
			path = SequencerTests;
			sourceTree = "<group>";
		};
		CB1666C127CCAD07000F9E21 /* SequencerUITests */ = {
			isa = PBXGroup;
			children = (
				CB1666C227CCAD07000F9E21 /* SequencerUITests.swift */,
				CB1666C427CCAD07000F9E21 /* SequencerUITestsLaunchTests.swift */,
			);
			path = SequencerUITests;
			sourceTree = "<group>";
		};
		CB23ADA227D33F4700C6289F /* Frameworks */ = {
			isa = PBXGroup;
			children = (
				CB0E1F0C27D3511B00460533 /* AudioToolbox.framework */,
				CB0E1F0A27D3511100460533 /* AudioUnit.framework */,
				CB0E1F0327D34B8A00460533 /* liblooperFFI.a */,
				CB0E1F0527D34BB900460533 /* liblooperFFI.a */,
			);
			name = Frameworks;
			sourceTree = "<group>";
		};
		CB801A1627D8AE6600D7788E /* Sequencer Mac */ = {
			isa = PBXGroup;
			children = (
				CB801A1727D8AE6600D7788E /* AppDelegate.swift */,
				CB801A1927D8AE6600D7788E /* ViewController.swift */,
				CB801A1B27D8AE6600D7788E /* Assets.xcassets */,
				CB801A1D27D8AE6600D7788E /* Main.storyboard */,
				CB801A2027D8AE6600D7788E /* Sequencer_Mac.entitlements */,
			);
			path = "Sequencer Mac";
			sourceTree = "<group>";
		};
/* End PBXGroup section */

/* Begin PBXNativeTarget section */
		CB1666A327CCAD04000F9E21 /* Sequencer */ = {
			isa = PBXNativeTarget;
			buildConfigurationList = CB1666C827CCAD07000F9E21 /* Build configuration list for PBXNativeTarget "Sequencer" */;
			buildPhases = (
				CB1666A027CCAD04000F9E21 /* Sources */,
				CB1666A127CCAD04000F9E21 /* Frameworks */,
				CB1666A227CCAD04000F9E21 /* Resources */,
			);
			buildRules = (
			);
			dependencies = (
				CB801A4527D8B13B00D7788E /* PBXTargetDependency */,
			);
			name = Sequencer;
			packageProductDependencies = (
				CB23AD9D27D2EDFD00C6289F /* OSCKit */,
				CB801A4627D8B13F00D7788E /* SequencerUI */,
			);
			productName = Sequencer;
			productReference = CB1666A427CCAD04000F9E21 /* Sequencer.app */;
			productType = "com.apple.product-type.application";
		};
		CB1666B327CCAD07000F9E21 /* SequencerTests */ = {
			isa = PBXNativeTarget;
			buildConfigurationList = CB1666CB27CCAD07000F9E21 /* Build configuration list for PBXNativeTarget "SequencerTests" */;
			buildPhases = (
				CB1666B027CCAD07000F9E21 /* Sources */,
				CB1666B127CCAD07000F9E21 /* Frameworks */,
				CB1666B227CCAD07000F9E21 /* Resources */,
			);
			buildRules = (
			);
			dependencies = (
				CB1666B627CCAD07000F9E21 /* PBXTargetDependency */,
			);
			name = SequencerTests;
			productName = SequencerTests;
			productReference = CB1666B427CCAD07000F9E21 /* SequencerTests.xctest */;
			productType = "com.apple.product-type.bundle.unit-test";
		};
		CB1666BD27CCAD07000F9E21 /* SequencerUITests */ = {
			isa = PBXNativeTarget;
			buildConfigurationList = CB1666CE27CCAD07000F9E21 /* Build configuration list for PBXNativeTarget "SequencerUITests" */;
			buildPhases = (
				CB1666BA27CCAD07000F9E21 /* Sources */,
				CB1666BB27CCAD07000F9E21 /* Frameworks */,
				CB1666BC27CCAD07000F9E21 /* Resources */,
			);
			buildRules = (
			);
			dependencies = (
				CB1666C027CCAD07000F9E21 /* PBXTargetDependency */,
			);
			name = SequencerUITests;
			productName = SequencerUITests;
			productReference = CB1666BE27CCAD07000F9E21 /* SequencerUITests.xctest */;
			productType = "com.apple.product-type.bundle.ui-testing";
		};
		CB801A1427D8AE6600D7788E /* Sequencer Mac */ = {
			isa = PBXNativeTarget;
			buildConfigurationList = CB801A2327D8AE6600D7788E /* Build configuration list for PBXNativeTarget "Sequencer Mac" */;
			buildPhases = (
				CB801A1127D8AE6600D7788E /* Sources */,
				CB801A1227D8AE6600D7788E /* Frameworks */,
				CB801A1327D8AE6600D7788E /* Resources */,
			);
			buildRules = (
			);
			dependencies = (
				CB801A4927D8B24800D7788E /* PBXTargetDependency */,
			);
			name = "Sequencer Mac";
			packageProductDependencies = (
				CB801A4A27D8B24C00D7788E /* SequencerUI */,
			);
			productName = "Sequencer Mac";
			productReference = CB801A1527D8AE6600D7788E /* Sequencer Mac.app */;
			productType = "com.apple.product-type.application";
		};
/* End PBXNativeTarget section */

/* Begin PBXProject section */
		CB16669C27CCAD04000F9E21 /* Project object */ = {
			isa = PBXProject;
			attributes = {
				BuildIndependentTargetsInParallel = 1;
				LastSwiftUpdateCheck = 1320;
				LastUpgradeCheck = 1320;
				TargetAttributes = {
					CB1666A327CCAD04000F9E21 = {
						CreatedOnToolsVersion = 13.2.1;
					};
					CB1666B327CCAD07000F9E21 = {
						CreatedOnToolsVersion = 13.2.1;
						TestTargetID = CB1666A327CCAD04000F9E21;
					};
					CB1666BD27CCAD07000F9E21 = {
						CreatedOnToolsVersion = 13.2.1;
						TestTargetID = CB1666A327CCAD04000F9E21;
					};
					CB801A1427D8AE6600D7788E = {
						CreatedOnToolsVersion = 13.2.1;
					};
				};
			};
			buildConfigurationList = CB16669F27CCAD04000F9E21 /* Build configuration list for PBXProject "Sequencer" */;
			compatibilityVersion = "Xcode 13.0";
			developmentRegion = en;
			hasScannedForEncodings = 0;
			knownRegions = (
				en,
				Base,
			);
			mainGroup = CB16669B27CCAD04000F9E21;
			packageReferences = (
				CB23AD9C27D2EDFD00C6289F /* XCRemoteSwiftPackageReference "OSCKit" */,
			);
			productRefGroup = CB1666A527CCAD04000F9E21 /* Products */;
			projectDirPath = "";
			projectRoot = "";
			targets = (
				CB1666A327CCAD04000F9E21 /* Sequencer */,
				CB1666B327CCAD07000F9E21 /* SequencerTests */,
				CB1666BD27CCAD07000F9E21 /* SequencerUITests */,
				CB801A1427D8AE6600D7788E /* Sequencer Mac */,
			);
		};
/* End PBXProject section */

/* Begin PBXResourcesBuildPhase section */
		CB1666A227CCAD04000F9E21 /* Resources */ = {
			isa = PBXResourcesBuildPhase;
			buildActionMask = 2147483647;
			files = (
				CB1666AF27CCAD07000F9E21 /* Preview Assets.xcassets in Resources */,
				CB1666AC27CCAD07000F9E21 /* Assets.xcassets in Resources */,
			);
			runOnlyForDeploymentPostprocessing = 0;
		};
		CB1666B227CCAD07000F9E21 /* Resources */ = {
			isa = PBXResourcesBuildPhase;
			buildActionMask = 2147483647;
			files = (
			);
			runOnlyForDeploymentPostprocessing = 0;
		};
		CB1666BC27CCAD07000F9E21 /* Resources */ = {
			isa = PBXResourcesBuildPhase;
			buildActionMask = 2147483647;
			files = (
			);
			runOnlyForDeploymentPostprocessing = 0;
		};
		CB801A1327D8AE6600D7788E /* Resources */ = {
			isa = PBXResourcesBuildPhase;
			buildActionMask = 2147483647;
			files = (
				CB801A1C27D8AE6600D7788E /* Assets.xcassets in Resources */,
				CB801A1F27D8AE6600D7788E /* Main.storyboard in Resources */,
			);
			runOnlyForDeploymentPostprocessing = 0;
		};
/* End PBXResourcesBuildPhase section */

/* Begin PBXSourcesBuildPhase section */
		CB1666A027CCAD04000F9E21 /* Sources */ = {
			isa = PBXSourcesBuildPhase;
			buildActionMask = 2147483647;
			files = (
				CB1666A827CCAD04000F9E21 /* SequencerApp.swift in Sources */,
			);
			runOnlyForDeploymentPostprocessing = 0;
		};
		CB1666B027CCAD07000F9E21 /* Sources */ = {
			isa = PBXSourcesBuildPhase;
			buildActionMask = 2147483647;
			files = (
				CB1666B927CCAD07000F9E21 /* SequencerTests.swift in Sources */,
			);
			runOnlyForDeploymentPostprocessing = 0;
		};
		CB1666BA27CCAD07000F9E21 /* Sources */ = {
			isa = PBXSourcesBuildPhase;
			buildActionMask = 2147483647;
			files = (
				CB1666C527CCAD07000F9E21 /* SequencerUITestsLaunchTests.swift in Sources */,
				CB1666C327CCAD07000F9E21 /* SequencerUITests.swift in Sources */,
			);
			runOnlyForDeploymentPostprocessing = 0;
		};
		CB801A1127D8AE6600D7788E /* Sources */ = {
			isa = PBXSourcesBuildPhase;
			buildActionMask = 2147483647;
			files = (
				CB801A1A27D8AE6600D7788E /* ViewController.swift in Sources */,
				CB801A1827D8AE6600D7788E /* AppDelegate.swift in Sources */,
			);
			runOnlyForDeploymentPostprocessing = 0;
		};
/* End PBXSourcesBuildPhase section */

/* Begin PBXTargetDependency section */
		CB1666B627CCAD07000F9E21 /* PBXTargetDependency */ = {
			isa = PBXTargetDependency;
			target = CB1666A327CCAD04000F9E21 /* Sequencer */;
			targetProxy = CB1666B527CCAD07000F9E21 /* PBXContainerItemProxy */;
		};
		CB1666C027CCAD07000F9E21 /* PBXTargetDependency */ = {
			isa = PBXTargetDependency;
			target = CB1666A327CCAD04000F9E21 /* Sequencer */;
			targetProxy = CB1666BF27CCAD07000F9E21 /* PBXContainerItemProxy */;
		};
		CB801A4527D8B13B00D7788E /* PBXTargetDependency */ = {
			isa = PBXTargetDependency;
			productRef = CB801A4427D8B13B00D7788E /* SequencerUI */;
		};
		CB801A4927D8B24800D7788E /* PBXTargetDependency */ = {
			isa = PBXTargetDependency;
			productRef = CB801A4827D8B24800D7788E /* SequencerUI */;
		};
/* End PBXTargetDependency section */

/* Begin PBXVariantGroup section */
		CB801A1D27D8AE6600D7788E /* Main.storyboard */ = {
			isa = PBXVariantGroup;
			children = (
				CB801A1E27D8AE6600D7788E /* Base */,
			);
			name = Main.storyboard;
			sourceTree = "<group>";
		};
/* End PBXVariantGroup section */

/* Begin XCBuildConfiguration section */
		CB1666C627CCAD07000F9E21 /* Debug */ = {
			isa = XCBuildConfiguration;
			buildSettings = {
				ALWAYS_SEARCH_USER_PATHS = NO;
				CLANG_ANALYZER_NONNULL = YES;
				CLANG_ANALYZER_NUMBER_OBJECT_CONVERSION = YES_AGGRESSIVE;
				CLANG_CXX_LANGUAGE_STANDARD = "gnu++17";
				CLANG_CXX_LIBRARY = "libc++";
				CLANG_ENABLE_MODULES = YES;
				CLANG_ENABLE_OBJC_ARC = YES;
				CLANG_ENABLE_OBJC_WEAK = YES;
				CLANG_WARN_BLOCK_CAPTURE_AUTORELEASING = YES;
				CLANG_WARN_BOOL_CONVERSION = YES;
				CLANG_WARN_COMMA = YES;
				CLANG_WARN_CONSTANT_CONVERSION = YES;
				CLANG_WARN_DEPRECATED_OBJC_IMPLEMENTATIONS = YES;
				CLANG_WARN_DIRECT_OBJC_ISA_USAGE = YES_ERROR;
				CLANG_WARN_DOCUMENTATION_COMMENTS = YES;
				CLANG_WARN_EMPTY_BODY = YES;
				CLANG_WARN_ENUM_CONVERSION = YES;
				CLANG_WARN_INFINITE_RECURSION = YES;
				CLANG_WARN_INT_CONVERSION = YES;
				CLANG_WARN_NON_LITERAL_NULL_CONVERSION = YES;
				CLANG_WARN_OBJC_IMPLICIT_RETAIN_SELF = YES;
				CLANG_WARN_OBJC_LITERAL_CONVERSION = YES;
				CLANG_WARN_OBJC_ROOT_CLASS = YES_ERROR;
				CLANG_WARN_QUOTED_INCLUDE_IN_FRAMEWORK_HEADER = YES;
				CLANG_WARN_RANGE_LOOP_ANALYSIS = YES;
				CLANG_WARN_STRICT_PROTOTYPES = YES;
				CLANG_WARN_SUSPICIOUS_MOVE = YES;
				CLANG_WARN_UNGUARDED_AVAILABILITY = YES_AGGRESSIVE;
				CLANG_WARN_UNREACHABLE_CODE = YES;
				CLANG_WARN__DUPLICATE_METHOD_MATCH = YES;
				COPY_PHASE_STRIP = NO;
				DEBUG_INFORMATION_FORMAT = dwarf;
				ENABLE_STRICT_OBJC_MSGSEND = YES;
				ENABLE_TESTABILITY = YES;
				GCC_C_LANGUAGE_STANDARD = gnu11;
				GCC_DYNAMIC_NO_PIC = NO;
				GCC_NO_COMMON_BLOCKS = YES;
				GCC_OPTIMIZATION_LEVEL = 0;
				GCC_PREPROCESSOR_DEFINITIONS = (
					"DEBUG=1",
					"$(inherited)",
				);
				GCC_WARN_64_TO_32_BIT_CONVERSION = YES;
				GCC_WARN_ABOUT_RETURN_TYPE = YES_ERROR;
				GCC_WARN_UNDECLARED_SELECTOR = YES;
				GCC_WARN_UNINITIALIZED_AUTOS = YES_AGGRESSIVE;
				GCC_WARN_UNUSED_FUNCTION = YES;
				GCC_WARN_UNUSED_VARIABLE = YES;
				IPHONEOS_DEPLOYMENT_TARGET = 15.2;
				MTL_ENABLE_DEBUG_INFO = INCLUDE_SOURCE;
				MTL_FAST_MATH = YES;
				ONLY_ACTIVE_ARCH = YES;
				SDKROOT = iphoneos;
				SWIFT_ACTIVE_COMPILATION_CONDITIONS = DEBUG;
				SWIFT_OPTIMIZATION_LEVEL = "-Onone";
			};
			name = Debug;
		};
		CB1666C727CCAD07000F9E21 /* Release */ = {
			isa = XCBuildConfiguration;
			buildSettings = {
				ALWAYS_SEARCH_USER_PATHS = NO;
				CLANG_ANALYZER_NONNULL = YES;
				CLANG_ANALYZER_NUMBER_OBJECT_CONVERSION = YES_AGGRESSIVE;
				CLANG_CXX_LANGUAGE_STANDARD = "gnu++17";
				CLANG_CXX_LIBRARY = "libc++";
				CLANG_ENABLE_MODULES = YES;
				CLANG_ENABLE_OBJC_ARC = YES;
				CLANG_ENABLE_OBJC_WEAK = YES;
				CLANG_WARN_BLOCK_CAPTURE_AUTORELEASING = YES;
				CLANG_WARN_BOOL_CONVERSION = YES;
				CLANG_WARN_COMMA = YES;
				CLANG_WARN_CONSTANT_CONVERSION = YES;
				CLANG_WARN_DEPRECATED_OBJC_IMPLEMENTATIONS = YES;
				CLANG_WARN_DIRECT_OBJC_ISA_USAGE = YES_ERROR;
				CLANG_WARN_DOCUMENTATION_COMMENTS = YES;
				CLANG_WARN_EMPTY_BODY = YES;
				CLANG_WARN_ENUM_CONVERSION = YES;
				CLANG_WARN_INFINITE_RECURSION = YES;
				CLANG_WARN_INT_CONVERSION = YES;
				CLANG_WARN_NON_LITERAL_NULL_CONVERSION = YES;
				CLANG_WARN_OBJC_IMPLICIT_RETAIN_SELF = YES;
				CLANG_WARN_OBJC_LITERAL_CONVERSION = YES;
				CLANG_WARN_OBJC_ROOT_CLASS = YES_ERROR;
				CLANG_WARN_QUOTED_INCLUDE_IN_FRAMEWORK_HEADER = YES;
				CLANG_WARN_RANGE_LOOP_ANALYSIS = YES;
				CLANG_WARN_STRICT_PROTOTYPES = YES;
				CLANG_WARN_SUSPICIOUS_MOVE = YES;
				CLANG_WARN_UNGUARDED_AVAILABILITY = YES_AGGRESSIVE;
				CLANG_WARN_UNREACHABLE_CODE = YES;
				CLANG_WARN__DUPLICATE_METHOD_MATCH = YES;
				COPY_PHASE_STRIP = NO;
				DEBUG_INFORMATION_FORMAT = "dwarf-with-dsym";
				ENABLE_NS_ASSERTIONS = NO;
				ENABLE_STRICT_OBJC_MSGSEND = YES;
				GCC_C_LANGUAGE_STANDARD = gnu11;
				GCC_NO_COMMON_BLOCKS = YES;
				GCC_WARN_64_TO_32_BIT_CONVERSION = YES;
				GCC_WARN_ABOUT_RETURN_TYPE = YES_ERROR;
				GCC_WARN_UNDECLARED_SELECTOR = YES;
				GCC_WARN_UNINITIALIZED_AUTOS = YES_AGGRESSIVE;
				GCC_WARN_UNUSED_FUNCTION = YES;
				GCC_WARN_UNUSED_VARIABLE = YES;
				IPHONEOS_DEPLOYMENT_TARGET = 15.2;
				MTL_ENABLE_DEBUG_INFO = NO;
				MTL_FAST_MATH = YES;
				SDKROOT = iphoneos;
				SWIFT_COMPILATION_MODE = wholemodule;
				SWIFT_OPTIMIZATION_LEVEL = "-O";
				VALIDATE_PRODUCT = YES;
			};
			name = Release;
		};
		CB1666C927CCAD07000F9E21 /* Debug */ = {
			isa = XCBuildConfiguration;
			buildSettings = {
				ASSETCATALOG_COMPILER_APPICON_NAME = AppIcon;
				ASSETCATALOG_COMPILER_GLOBAL_ACCENT_COLOR_NAME = AccentColor;
				CODE_SIGN_ENTITLEMENTS = Sequencer/Sequencer.entitlements;
				CODE_SIGN_STYLE = Automatic;
				CURRENT_PROJECT_VERSION = 1;
				DEVELOPMENT_ASSET_PATHS = "\"Sequencer/Preview Content\"";
				DEVELOPMENT_TEAM = Q39U2SBP6Z;
				ENABLE_PREVIEWS = YES;
				GENERATE_INFOPLIST_FILE = YES;
				INFOPLIST_FILE = Sequencer/Info.plist;
				INFOPLIST_KEY_NSLocalNetworkUsageDescription = "Connects to local network to control remote looper";
				INFOPLIST_KEY_UIApplicationSceneManifest_Generation = YES;
				INFOPLIST_KEY_UIApplicationSupportsIndirectInputEvents = YES;
				INFOPLIST_KEY_UILaunchScreen_Generation = YES;
				INFOPLIST_KEY_UISupportedInterfaceOrientations_iPad = "UIInterfaceOrientationPortrait UIInterfaceOrientationPortraitUpsideDown UIInterfaceOrientationLandscapeLeft UIInterfaceOrientationLandscapeRight";
				INFOPLIST_KEY_UISupportedInterfaceOrientations_iPhone = "UIInterfaceOrientationPortrait UIInterfaceOrientationLandscapeLeft UIInterfaceOrientationLandscapeRight";
				LD_RUNPATH_SEARCH_PATHS = (
					"$(inherited)",
					"@executable_path/Frameworks",
				);
				LIBRARY_SEARCH_PATHS = "$(SRCROOT)/../rust-audio-software/crates/apps/looper/looper-udl/lib/ios";
				MARKETING_VERSION = 1.0;
				PRODUCT_BUNDLE_IDENTIFIER = "beijaflor-io.Sequencer";
				PRODUCT_NAME = "$(TARGET_NAME)";
				SUPPORTS_MACCATALYST = YES;
				SWIFT_EMIT_LOC_STRINGS = YES;
				SWIFT_VERSION = 5.0;
				TARGETED_DEVICE_FAMILY = "1,2";
			};
			name = Debug;
		};
		CB1666CA27CCAD07000F9E21 /* Release */ = {
			isa = XCBuildConfiguration;
			buildSettings = {
				ASSETCATALOG_COMPILER_APPICON_NAME = AppIcon;
				ASSETCATALOG_COMPILER_GLOBAL_ACCENT_COLOR_NAME = AccentColor;
				CODE_SIGN_ENTITLEMENTS = Sequencer/Sequencer.entitlements;
				CODE_SIGN_STYLE = Automatic;
				CURRENT_PROJECT_VERSION = 1;
				DEVELOPMENT_ASSET_PATHS = "\"Sequencer/Preview Content\"";
				DEVELOPMENT_TEAM = Q39U2SBP6Z;
				ENABLE_PREVIEWS = YES;
				GENERATE_INFOPLIST_FILE = YES;
				INFOPLIST_FILE = Sequencer/Info.plist;
				INFOPLIST_KEY_NSLocalNetworkUsageDescription = "Connects to local network to control remote looper";
				INFOPLIST_KEY_UIApplicationSceneManifest_Generation = YES;
				INFOPLIST_KEY_UIApplicationSupportsIndirectInputEvents = YES;
				INFOPLIST_KEY_UILaunchScreen_Generation = YES;
				INFOPLIST_KEY_UISupportedInterfaceOrientations_iPad = "UIInterfaceOrientationPortrait UIInterfaceOrientationPortraitUpsideDown UIInterfaceOrientationLandscapeLeft UIInterfaceOrientationLandscapeRight";
				INFOPLIST_KEY_UISupportedInterfaceOrientations_iPhone = "UIInterfaceOrientationPortrait UIInterfaceOrientationLandscapeLeft UIInterfaceOrientationLandscapeRight";
				LD_RUNPATH_SEARCH_PATHS = (
					"$(inherited)",
					"@executable_path/Frameworks",
				);
				LIBRARY_SEARCH_PATHS = "$(SRCROOT)/../rust-audio-software/crates/apps/looper/looper-udl/lib/ios";
				MARKETING_VERSION = 1.0;
				PRODUCT_BUNDLE_IDENTIFIER = "beijaflor-io.Sequencer";
				PRODUCT_NAME = "$(TARGET_NAME)";
				SUPPORTS_MACCATALYST = YES;
				SWIFT_EMIT_LOC_STRINGS = YES;
				SWIFT_VERSION = 5.0;
				TARGETED_DEVICE_FAMILY = "1,2";
			};
			name = Release;
		};
		CB1666CC27CCAD07000F9E21 /* Debug */ = {
			isa = XCBuildConfiguration;
			buildSettings = {
				ALWAYS_EMBED_SWIFT_STANDARD_LIBRARIES = YES;
				BUNDLE_LOADER = "$(TEST_HOST)";
				CODE_SIGN_STYLE = Automatic;
				CURRENT_PROJECT_VERSION = 1;
				DEVELOPMENT_TEAM = Q39U2SBP6Z;
				GENERATE_INFOPLIST_FILE = YES;
				IPHONEOS_DEPLOYMENT_TARGET = 15.2;
				MARKETING_VERSION = 1.0;
				PRODUCT_BUNDLE_IDENTIFIER = "beijaflor-io.SequencerTests";
				PRODUCT_NAME = "$(TARGET_NAME)";
				SWIFT_EMIT_LOC_STRINGS = NO;
				SWIFT_VERSION = 5.0;
				TARGETED_DEVICE_FAMILY = "1,2";
				TEST_HOST = "$(BUILT_PRODUCTS_DIR)/Sequencer.app/Sequencer";
			};
			name = Debug;
		};
		CB1666CD27CCAD07000F9E21 /* Release */ = {
			isa = XCBuildConfiguration;
			buildSettings = {
				ALWAYS_EMBED_SWIFT_STANDARD_LIBRARIES = YES;
				BUNDLE_LOADER = "$(TEST_HOST)";
				CODE_SIGN_STYLE = Automatic;
				CURRENT_PROJECT_VERSION = 1;
				DEVELOPMENT_TEAM = Q39U2SBP6Z;
				GENERATE_INFOPLIST_FILE = YES;
				IPHONEOS_DEPLOYMENT_TARGET = 15.2;
				MARKETING_VERSION = 1.0;
				PRODUCT_BUNDLE_IDENTIFIER = "beijaflor-io.SequencerTests";
				PRODUCT_NAME = "$(TARGET_NAME)";
				SWIFT_EMIT_LOC_STRINGS = NO;
				SWIFT_VERSION = 5.0;
				TARGETED_DEVICE_FAMILY = "1,2";
				TEST_HOST = "$(BUILT_PRODUCTS_DIR)/Sequencer.app/Sequencer";
			};
			name = Release;
		};
		CB1666CF27CCAD07000F9E21 /* Debug */ = {
			isa = XCBuildConfiguration;
			buildSettings = {
				ALWAYS_EMBED_SWIFT_STANDARD_LIBRARIES = YES;
				CODE_SIGN_STYLE = Automatic;
				CURRENT_PROJECT_VERSION = 1;
				DEVELOPMENT_TEAM = Q39U2SBP6Z;
				GENERATE_INFOPLIST_FILE = YES;
				MARKETING_VERSION = 1.0;
				PRODUCT_BUNDLE_IDENTIFIER = "beijaflor-io.SequencerUITests";
				PRODUCT_NAME = "$(TARGET_NAME)";
				SWIFT_EMIT_LOC_STRINGS = NO;
				SWIFT_VERSION = 5.0;
				TARGETED_DEVICE_FAMILY = "1,2";
				TEST_TARGET_NAME = Sequencer;
			};
			name = Debug;
		};
		CB1666D027CCAD07000F9E21 /* Release */ = {
			isa = XCBuildConfiguration;
			buildSettings = {
				ALWAYS_EMBED_SWIFT_STANDARD_LIBRARIES = YES;
				CODE_SIGN_STYLE = Automatic;
				CURRENT_PROJECT_VERSION = 1;
				DEVELOPMENT_TEAM = Q39U2SBP6Z;
				GENERATE_INFOPLIST_FILE = YES;
				MARKETING_VERSION = 1.0;
				PRODUCT_BUNDLE_IDENTIFIER = "beijaflor-io.SequencerUITests";
				PRODUCT_NAME = "$(TARGET_NAME)";
				SWIFT_EMIT_LOC_STRINGS = NO;
				SWIFT_VERSION = 5.0;
				TARGETED_DEVICE_FAMILY = "1,2";
				TEST_TARGET_NAME = Sequencer;
			};
			name = Release;
		};
		CB801A2127D8AE6600D7788E /* Debug */ = {
			isa = XCBuildConfiguration;
			buildSettings = {
				ASSETCATALOG_COMPILER_APPICON_NAME = AppIcon;
				ASSETCATALOG_COMPILER_GLOBAL_ACCENT_COLOR_NAME = AccentColor;
				CODE_SIGN_ENTITLEMENTS = "Sequencer Mac/Sequencer_Mac.entitlements";
				CODE_SIGN_STYLE = Automatic;
				COMBINE_HIDPI_IMAGES = YES;
				CURRENT_PROJECT_VERSION = 1;
				DEVELOPMENT_TEAM = Q39U2SBP6Z;
				ENABLE_HARDENED_RUNTIME = YES;
				GENERATE_INFOPLIST_FILE = YES;
				INFOPLIST_KEY_NSHumanReadableCopyright = "";
				INFOPLIST_KEY_NSMainStoryboardFile = Main;
				INFOPLIST_KEY_NSPrincipalClass = NSApplication;
				LD_RUNPATH_SEARCH_PATHS = (
					"$(inherited)",
					"@executable_path/../Frameworks",
				);
				MACOSX_DEPLOYMENT_TARGET = 12.1;
				MARKETING_VERSION = 1.0;
				PRODUCT_BUNDLE_IDENTIFIER = "beijaflor-io.Sequencer-Mac";
				PRODUCT_NAME = "$(TARGET_NAME)";
				SDKROOT = macosx;
				SWIFT_EMIT_LOC_STRINGS = YES;
				SWIFT_VERSION = 5.0;
			};
			name = Debug;
		};
		CB801A2227D8AE6600D7788E /* Release */ = {
			isa = XCBuildConfiguration;
			buildSettings = {
				ASSETCATALOG_COMPILER_APPICON_NAME = AppIcon;
				ASSETCATALOG_COMPILER_GLOBAL_ACCENT_COLOR_NAME = AccentColor;
				CODE_SIGN_ENTITLEMENTS = "Sequencer Mac/Sequencer_Mac.entitlements";
				CODE_SIGN_STYLE = Automatic;
				COMBINE_HIDPI_IMAGES = YES;
				CURRENT_PROJECT_VERSION = 1;
				DEVELOPMENT_TEAM = Q39U2SBP6Z;
				ENABLE_HARDENED_RUNTIME = YES;
				GENERATE_INFOPLIST_FILE = YES;
				INFOPLIST_KEY_NSHumanReadableCopyright = "";
				INFOPLIST_KEY_NSMainStoryboardFile = Main;
				INFOPLIST_KEY_NSPrincipalClass = NSApplication;
				LD_RUNPATH_SEARCH_PATHS = (
					"$(inherited)",
					"@executable_path/../Frameworks",
				);
				MACOSX_DEPLOYMENT_TARGET = 12.1;
				MARKETING_VERSION = 1.0;
				PRODUCT_BUNDLE_IDENTIFIER = "beijaflor-io.Sequencer-Mac";
				PRODUCT_NAME = "$(TARGET_NAME)";
				SDKROOT = macosx;
				SWIFT_EMIT_LOC_STRINGS = YES;
				SWIFT_VERSION = 5.0;
			};
			name = Release;
		};
/* End XCBuildConfiguration section */

/* Begin XCConfigurationList section */
		CB16669F27CCAD04000F9E21 /* Build configuration list for PBXProject "Sequencer" */ = {
			isa = XCConfigurationList;
			buildConfigurations = (
				CB1666C627CCAD07000F9E21 /* Debug */,
				CB1666C727CCAD07000F9E21 /* Release */,
			);
			defaultConfigurationIsVisible = 0;
			defaultConfigurationName = Release;
		};
		CB1666C827CCAD07000F9E21 /* Build configuration list for PBXNativeTarget "Sequencer" */ = {
			isa = XCConfigurationList;
			buildConfigurations = (
				CB1666C927CCAD07000F9E21 /* Debug */,
				CB1666CA27CCAD07000F9E21 /* Release */,
			);
			defaultConfigurationIsVisible = 0;
			defaultConfigurationName = Release;
		};
		CB1666CB27CCAD07000F9E21 /* Build configuration list for PBXNativeTarget "SequencerTests" */ = {
			isa = XCConfigurationList;
			buildConfigurations = (
				CB1666CC27CCAD07000F9E21 /* Debug */,
				CB1666CD27CCAD07000F9E21 /* Release */,
			);
			defaultConfigurationIsVisible = 0;
			defaultConfigurationName = Release;
		};
		CB1666CE27CCAD07000F9E21 /* Build configuration list for PBXNativeTarget "SequencerUITests" */ = {
			isa = XCConfigurationList;
			buildConfigurations = (
				CB1666CF27CCAD07000F9E21 /* Debug */,
				CB1666D027CCAD07000F9E21 /* Release */,
			);
			defaultConfigurationIsVisible = 0;
			defaultConfigurationName = Release;
		};
		CB801A2327D8AE6600D7788E /* Build configuration list for PBXNativeTarget "Sequencer Mac" */ = {
			isa = XCConfigurationList;
			buildConfigurations = (
				CB801A2127D8AE6600D7788E /* Debug */,
				CB801A2227D8AE6600D7788E /* Release */,
			);
			defaultConfigurationIsVisible = 0;
			defaultConfigurationName = Release;
		};
/* End XCConfigurationList section */

/* Begin XCRemoteSwiftPackageReference section */
		CB23AD9C27D2EDFD00C6289F /* XCRemoteSwiftPackageReference "OSCKit" */ = {
			isa = XCRemoteSwiftPackageReference;
			repositoryURL = "https://github.com/SammySmallman/OSCKit";
			requirement = {
				kind = upToNextMajorVersion;
				minimumVersion = 3.0.0;
			};
		};
/* End XCRemoteSwiftPackageReference section */

/* Begin XCSwiftPackageProductDependency section */
		CB23AD9D27D2EDFD00C6289F /* OSCKit */ = {
			isa = XCSwiftPackageProductDependency;
			package = CB23AD9C27D2EDFD00C6289F /* XCRemoteSwiftPackageReference "OSCKit" */;
			productName = OSCKit;
		};
		CB801A4427D8B13B00D7788E /* SequencerUI */ = {
			isa = XCSwiftPackageProductDependency;
			productName = SequencerUI;
		};
		CB801A4627D8B13F00D7788E /* SequencerUI */ = {
			isa = XCSwiftPackageProductDependency;
			productName = SequencerUI;
		};
		CB801A4827D8B24800D7788E /* SequencerUI */ = {
			isa = XCSwiftPackageProductDependency;
			productName = SequencerUI;
		};
		CB801A4A27D8B24C00D7788E /* SequencerUI */ = {
			isa = XCSwiftPackageProductDependency;
			productName = SequencerUI;
		};
/* End XCSwiftPackageProductDependency section */
	};
	rootObject = CB16669C27CCAD04000F9E21 /* Project object */;
}
