# THIS IS AN AUTOGENERATED FILE. DO NOT EDIT THIS FILE DIRECTLY.
# yarn lockfile v1


tslib@^1.9.3:
  version "1.14.1"
  resolved "https://registry.yarnpkg.com/tslib/-/tslib-1.14.1.tgz#cf2d38bdc34a134bcaf1091c41f6619e2f672d00"
  integrity sha512-Xni35NKzjgMrwevysHTCArtLDpPvye8zV/0E4EyYn43P7/7qvQwPh9BGkHewbMulVntbigmcT7rdX3BNo9wRJg==

tsyringe@^4.5.0:
  version "4.5.0"
  resolved "https://registry.yarnpkg.com/tsyringe/-/tsyringe-4.5.0.tgz#fc88cbab57deac47a2a2033bbca94c96d3c2702a"
  integrity sha512-XvYgdUxkmGQfpCkKyr/ybJx71OLSnNec1SO0xdohMjaS2UOEyKi76YfKx92XUXgc1TocypHENg6y4wCyYyMKag==
  dependencies:
    tslib "^1.9.3"

typescript@^4.2.4:
  version "4.2.4"
  resolved "https://registry.yarnpkg.com/typescript/-/typescript-4.2.4.tgz#8610b59747de028fda898a8aef0e103f156d0961"
  integrity sha512-V+evlYHZnQkaz8TRBuxTA92yZBPotr5H+WhQ7bD3hZUndx5tGOa1fuCgeSjxAzM1RiN5IzvadIXTVefuuwZCRg==
