{
  "object": {
    "pins": [
      {
        "package": "ViewInspector",
        "repositoryURL": "https://github.com/nalexn/ViewInspector",
        "state": {
          "branch": null,
          "revision": "a9b0d2af51b8afbbcb6a3e1005aabf8726852a77",
          "version": "0.8.1"
        }
      }
    ]
  },
  "version": 1
}
