{
  "object": {
    "pins": [
      {
        "package": "SwiftFormat",
        "repositoryURL": "https://github.com/nicklockwood/SwiftFormat",
        "state": {
          "branch": null,
          "revision": "6f6860f43e9fb8179dd963fe627ce67e0fc8aedf",
          "version": "0.49.6"
        }
      }
    ]
  },
  "version": 1
}
