{
  "object": {
    "pins": [
      {
        "package": "CocoaAsyncSocket",
        "repositoryURL": "https://github.com/robbiehanson/CocoaAsyncSocket",
        "state": {
          "branch": null,
          "revision": "dbdc00669c1ced63b27c3c5f052ee4d28f10150c",
          "version": "7.6.5"
        }
      },
      {
        "package": "CoreOSC",
        "repositoryURL": "https://github.com/sammysmallman/CoreOSC.git",
        "state": {
          "branch": null,
          "revision": "c8f1080e31dae7bcfbd1660018f2ed8b11228e1a",
          "version": "1.1.0"
        }
      },
      {
        "package": "swift-log",
        "repositoryURL": "https://github.com/apple/swift-log.git",
        "state": {
          "branch": null,
          "revision": "5d66f7ba25daf4f94100e7022febf3c75e37a6c7",
          "version": "1.4.2"
        }
      },
      {
        "package": "NetUtils",
        "repositoryURL": "https://github.com/svdo/swift-netutils",
        "state": {
          "branch": null,
          "revision": "776909ce0b37bd9ea1fa0f2156e4e5ad07a592b8",
          "version": "4.2.0"
        }
      },
      {
        "package": "SwiftFormat",
        "repositoryURL": "https://github.com/nicklockwood/SwiftFormat",
        "state": {
          "branch": null,
          "revision": "a07e7dca002072f1761bae8d5c53fa64462b2c2a",
          "version": "0.49.5"
        }
      },
      {
        "package": "ViewInspector",
        "repositoryURL": "https://github.com/nalexn/ViewInspector",
        "state": {
          "branch": null,
          "revision": "6b88c4ec1fa20cf38f2138052e63c8e79df5d76e",
          "version": "0.9.1"
        }
      }
    ]
  },
  "version": 1
}
